{
  "object": {
    "pins": [
      {
        "package": "FoundationExtensions",
        "repositoryURL": "https://github.com/teufelaudio/FoundationExtensions",
        "state": {
          "branch": null,
          "revision": "aef679bde907365943fcc8bb5ba7a03e09ec48e3",
          "version": "0.1.12"
        }
      },
      {
        "package": "swift-argument-parser",
        "repositoryURL": "https://github.com/apple/swift-argument-parser",
        "state": {
          "branch": null,
          "revision": "e1465042f195f374b94f915ba8ca49de24300a0d",
          "version": "1.0.2"
        }
      }
    ]
  },
  "version": 1
}
